// !$*UTF8*$!
{
	archiveVersion = 1;
	classes = {
	};
	objectVersion = 46;
	objects = {

/* Begin PBXBuildFile section */
		A8090B931BC69F5D002001D9 /* ofxCsv.cpp in Sources */ = {isa = PBXBuildFile; fileRef = A8090B7C1BC69F5D002001D9 /* ofxCsv.cpp */; settings = {ASSET_TAGS = (); }; };
		A8090B941BC69F5D002001D9 /* ofxBaseGui.cpp in Sources */ = {isa = PBXBuildFile; fileRef = A8090B801BC69F5D002001D9 /* ofxBaseGui.cpp */; settings = {ASSET_TAGS = (); }; };
		A8090B951BC69F5D002001D9 /* ofxButton.cpp in Sources */ = {isa = PBXBuildFile; fileRef = A8090B821BC69F5D002001D9 /* ofxButton.cpp */; settings = {ASSET_TAGS = (); }; };
		A8090B961BC69F5D002001D9 /* ofxGuiGroup.cpp in Sources */ = {isa = PBXBuildFile; fileRef = A8090B851BC69F5D002001D9 /* ofxGuiGroup.cpp */; settings = {ASSET_TAGS = (); }; };
		A8090B971BC69F5D002001D9 /* ofxLabel.cpp in Sources */ = {isa = PBXBuildFile; fileRef = A8090B871BC69F5D002001D9 /* ofxLabel.cpp */; settings = {ASSET_TAGS = (); }; };
		A8090B981BC69F5D002001D9 /* ofxPanel.cpp in Sources */ = {isa = PBXBuildFile; fileRef = A8090B891BC69F5D002001D9 /* ofxPanel.cpp */; settings = {ASSET_TAGS = (); }; };
		A8090B991BC69F5D002001D9 /* ofxSlider.cpp in Sources */ = {isa = PBXBuildFile; fileRef = A8090B8B1BC69F5D002001D9 /* ofxSlider.cpp */; settings = {ASSET_TAGS = (); }; };
		A8090B9A1BC69F5D002001D9 /* ofxSliderGroup.cpp in Sources */ = {isa = PBXBuildFile; fileRef = A8090B8D1BC69F5D002001D9 /* ofxSliderGroup.cpp */; settings = {ASSET_TAGS = (); }; };
		A8090B9B1BC69F5D002001D9 /* ofxToggle.cpp in Sources */ = {isa = PBXBuildFile; fileRef = A8090B8F1BC69F5D002001D9 /* ofxToggle.cpp */; settings = {ASSET_TAGS = (); }; };
		A8090BA01BC69F62002001D9 /* BaseArch.cpp in Sources */ = {isa = PBXBuildFile; fileRef = A8090B9C1BC69F62002001D9 /* BaseArch.cpp */; settings = {ASSET_TAGS = (); }; };
		A8090BA11BC69F62002001D9 /* GuiApp.cpp in Sources */ = {isa = PBXBuildFile; fileRef = A8090B9E1BC69F62002001D9 /* GuiApp.cpp */; settings = {ASSET_TAGS = (); }; };
		A8B896B41BCE92AD003492AD /* fontstash.c in Sources */ = {isa = PBXBuildFile; fileRef = A8B896A91BCE92AD003492AD /* fontstash.c */; settings = {ASSET_TAGS = (); }; };
		A8B896B51BCE92AD003492AD /* stb_truetype.c in Sources */ = {isa = PBXBuildFile; fileRef = A8B896AB1BCE92AD003492AD /* stb_truetype.c */; settings = {ASSET_TAGS = (); }; };
		A8B896B71BCE92AD003492AD /* ofxFontStash.cpp in Sources */ = {isa = PBXBuildFile; fileRef = A8B896B01BCE92AD003492AD /* ofxFontStash.cpp */; settings = {ASSET_TAGS = (); }; };
		A8B896D71BCE944F003492AD /* ofTextConverter.cpp in Sources */ = {isa = PBXBuildFile; fileRef = A8B896D11BCE944F003492AD /* ofTextConverter.cpp */; settings = {ASSET_TAGS = (); }; };
		A8B896D81BCE944F003492AD /* ofUnicode.cpp in Sources */ = {isa = PBXBuildFile; fileRef = A8B896D31BCE944F003492AD /* ofUnicode.cpp */; settings = {ASSET_TAGS = (); }; };
		A8B896D91BCE944F003492AD /* ofUTF8.cpp in Sources */ = {isa = PBXBuildFile; fileRef = A8B896D51BCE944F003492AD /* ofUTF8.cpp */; settings = {ASSET_TAGS = (); }; };
		A8CDE4631BC3CE3200338B91 /* ofxPostGlitch.cpp in Sources */ = {isa = PBXBuildFile; fileRef = A8CDE45F1BC3CE3200338B91 /* ofxPostGlitch.cpp */; settings = {ASSET_TAGS = (); }; };
		E4328149138ABC9F0047C5CB /* openFrameworksDebug.a in Frameworks */ = {isa = PBXBuildFile; fileRef = E4328148138ABC890047C5CB /* openFrameworksDebug.a */; };
		E4B69E200A3A1BDC003C02F2 /* main.cpp in Sources */ = {isa = PBXBuildFile; fileRef = E4B69E1D0A3A1BDC003C02F2 /* main.cpp */; };
		E4B69E210A3A1BDC003C02F2 /* ofApp.cpp in Sources */ = {isa = PBXBuildFile; fileRef = E4B69E1E0A3A1BDC003C02F2 /* ofApp.cpp */; };
/* End PBXBuildFile section */

/* Begin PBXContainerItemProxy section */
		E4328147138ABC890047C5CB /* PBXContainerItemProxy */ = {
			isa = PBXContainerItemProxy;
			containerPortal = E4328143138ABC890047C5CB /* openFrameworksLib.xcodeproj */;
			proxyType = 2;
			remoteGlobalIDString = E4B27C1510CBEB8E00536013;
			remoteInfo = openFrameworks;
		};
		E4EEB9AB138B136A00A80321 /* PBXContainerItemProxy */ = {
			isa = PBXContainerItemProxy;
			containerPortal = E4328143138ABC890047C5CB /* openFrameworksLib.xcodeproj */;
			proxyType = 1;
			remoteGlobalIDString = E4B27C1410CBEB8E00536013;
			remoteInfo = openFrameworks;
		};
/* End PBXContainerItemProxy section */

/* Begin PBXCopyFilesBuildPhase section */
		E4C2427710CC5ABF004149E2 /* CopyFiles */ = {
			isa = PBXCopyFilesBuildPhase;
			buildActionMask = 2147483647;
			dstPath = "";
			dstSubfolderSpec = 10;
			files = (
			);
			runOnlyForDeploymentPostprocessing = 0;
		};
/* End PBXCopyFilesBuildPhase section */

/* Begin PBXFileReference section */
		A8090B7C1BC69F5D002001D9 /* ofxCsv.cpp */ = {isa = PBXFileReference; explicitFileType = sourcecode.cpp.cpp; fileEncoding = 4; name = ofxCsv.cpp; path = ../../../../openFrameworks/addons/ofxCsv/src/ofxCsv.cpp; sourceTree = "<group>"; };
		A8090B7D1BC69F5D002001D9 /* ofxCsv.h */ = {isa = PBXFileReference; explicitFileType = sourcecode.c.h; fileEncoding = 4; name = ofxCsv.h; path = ../../../../openFrameworks/addons/ofxCsv/src/ofxCsv.h; sourceTree = "<group>"; };
		A8090B801BC69F5D002001D9 /* ofxBaseGui.cpp */ = {isa = PBXFileReference; explicitFileType = sourcecode.cpp.cpp; fileEncoding = 4; name = ofxBaseGui.cpp; path = ../../../../openFrameworks/addons/ofxGui/src/ofxBaseGui.cpp; sourceTree = "<group>"; };
		A8090B811BC69F5D002001D9 /* ofxBaseGui.h */ = {isa = PBXFileReference; explicitFileType = sourcecode.c.h; fileEncoding = 4; name = ofxBaseGui.h; path = ../../../../openFrameworks/addons/ofxGui/src/ofxBaseGui.h; sourceTree = "<group>"; };
		A8090B821BC69F5D002001D9 /* ofxButton.cpp */ = {isa = PBXFileReference; explicitFileType = sourcecode.cpp.cpp; fileEncoding = 4; name = ofxButton.cpp; path = ../../../../openFrameworks/addons/ofxGui/src/ofxButton.cpp; sourceTree = "<group>"; };
		A8090B831BC69F5D002001D9 /* ofxButton.h */ = {isa = PBXFileReference; explicitFileType = sourcecode.c.h; fileEncoding = 4; name = ofxButton.h; path = ../../../../openFrameworks/addons/ofxGui/src/ofxButton.h; sourceTree = "<group>"; };
		A8090B841BC69F5D002001D9 /* ofxGui.h */ = {isa = PBXFileReference; explicitFileType = sourcecode.c.h; fileEncoding = 4; name = ofxGui.h; path = ../../../../openFrameworks/addons/ofxGui/src/ofxGui.h; sourceTree = "<group>"; };
		A8090B851BC69F5D002001D9 /* ofxGuiGroup.cpp */ = {isa = PBXFileReference; explicitFileType = sourcecode.cpp.cpp; fileEncoding = 4; name = ofxGuiGroup.cpp; path = ../../../../openFrameworks/addons/ofxGui/src/ofxGuiGroup.cpp; sourceTree = "<group>"; };
		A8090B861BC69F5D002001D9 /* ofxGuiGroup.h */ = {isa = PBXFileReference; explicitFileType = sourcecode.c.h; fileEncoding = 4; name = ofxGuiGroup.h; path = ../../../../openFrameworks/addons/ofxGui/src/ofxGuiGroup.h; sourceTree = "<group>"; };
		A8090B871BC69F5D002001D9 /* ofxLabel.cpp */ = {isa = PBXFileReference; explicitFileType = sourcecode.cpp.cpp; fileEncoding = 4; name = ofxLabel.cpp; path = ../../../../openFrameworks/addons/ofxGui/src/ofxLabel.cpp; sourceTree = "<group>"; };
		A8090B881BC69F5D002001D9 /* ofxLabel.h */ = {isa = PBXFileReference; explicitFileType = sourcecode.c.h; fileEncoding = 4; name = ofxLabel.h; path = ../../../../openFrameworks/addons/ofxGui/src/ofxLabel.h; sourceTree = "<group>"; };
		A8090B891BC69F5D002001D9 /* ofxPanel.cpp */ = {isa = PBXFileReference; explicitFileType = sourcecode.cpp.cpp; fileEncoding = 4; name = ofxPanel.cpp; path = ../../../../openFrameworks/addons/ofxGui/src/ofxPanel.cpp; sourceTree = "<group>"; };
		A8090B8A1BC69F5D002001D9 /* ofxPanel.h */ = {isa = PBXFileReference; explicitFileType = sourcecode.c.h; fileEncoding = 4; name = ofxPanel.h; path = ../../../../openFrameworks/addons/ofxGui/src/ofxPanel.h; sourceTree = "<group>"; };
		A8090B8B1BC69F5D002001D9 /* ofxSlider.cpp */ = {isa = PBXFileReference; explicitFileType = sourcecode.cpp.cpp; fileEncoding = 4; name = ofxSlider.cpp; path = ../../../../openFrameworks/addons/ofxGui/src/ofxSlider.cpp; sourceTree = "<group>"; };
		A8090B8C1BC69F5D002001D9 /* ofxSlider.h */ = {isa = PBXFileReference; explicitFileType = sourcecode.c.h; fileEncoding = 4; name = ofxSlider.h; path = ../../../../openFrameworks/addons/ofxGui/src/ofxSlider.h; sourceTree = "<group>"; };
		A8090B8D1BC69F5D002001D9 /* ofxSliderGroup.cpp */ = {isa = PBXFileReference; explicitFileType = sourcecode.cpp.cpp; fileEncoding = 4; name = ofxSliderGroup.cpp; path = ../../../../openFrameworks/addons/ofxGui/src/ofxSliderGroup.cpp; sourceTree = "<group>"; };
		A8090B8E1BC69F5D002001D9 /* ofxSliderGroup.h */ = {isa = PBXFileReference; explicitFileType = sourcecode.c.h; fileEncoding = 4; name = ofxSliderGroup.h; path = ../../../../openFrameworks/addons/ofxGui/src/ofxSliderGroup.h; sourceTree = "<group>"; };
		A8090B8F1BC69F5D002001D9 /* ofxToggle.cpp */ = {isa = PBXFileReference; explicitFileType = sourcecode.cpp.cpp; fileEncoding = 4; name = ofxToggle.cpp; path = ../../../../openFrameworks/addons/ofxGui/src/ofxToggle.cpp; sourceTree = "<group>"; };
		A8090B901BC69F5D002001D9 /* ofxToggle.h */ = {isa = PBXFileReference; explicitFileType = sourcecode.c.h; fileEncoding = 4; name = ofxToggle.h; path = ../../../../openFrameworks/addons/ofxGui/src/ofxToggle.h; sourceTree = "<group>"; };
		A8090B9C1BC69F62002001D9 /* BaseArch.cpp */ = {isa = PBXFileReference; explicitFileType = sourcecode.cpp.cpp; fileEncoding = 4; name = BaseArch.cpp; path = ../../bpii_Calibration/src/BaseArch.cpp; sourceTree = "<group>"; };
		A8090B9D1BC69F62002001D9 /* BaseArch.h */ = {isa = PBXFileReference; explicitFileType = sourcecode.c.h; fileEncoding = 4; name = BaseArch.h; path = ../../bpii_Calibration/src/BaseArch.h; sourceTree = "<group>"; };
		A8090B9E1BC69F62002001D9 /* GuiApp.cpp */ = {isa = PBXFileReference; explicitFileType = sourcecode.cpp.cpp; fileEncoding = 4; name = GuiApp.cpp; path = ../../bpii_Calibration/src/GuiApp.cpp; sourceTree = "<group>"; };
		A8090B9F1BC69F62002001D9 /* GuiApp.h */ = {isa = PBXFileReference; explicitFileType = sourcecode.c.h; fileEncoding = 4; name = GuiApp.h; path = ../../bpii_Calibration/src/GuiApp.h; sourceTree = "<group>"; };
		A8B896A91BCE92AD003492AD /* fontstash.c */ = {isa = PBXFileReference; fileEncoding = 4; lastKnownFileType = sourcecode.c.c; path = fontstash.c; sourceTree = "<group>"; };
		A8B896AA1BCE92AD003492AD /* fontstash.h */ = {isa = PBXFileReference; fileEncoding = 4; lastKnownFileType = sourcecode.c.h; path = fontstash.h; sourceTree = "<group>"; };
		A8B896AB1BCE92AD003492AD /* stb_truetype.c */ = {isa = PBXFileReference; fileEncoding = 4; lastKnownFileType = sourcecode.c.c; path = stb_truetype.c; sourceTree = "<group>"; };
		A8B896AC1BCE92AD003492AD /* stb_truetype.h */ = {isa = PBXFileReference; fileEncoding = 4; lastKnownFileType = sourcecode.c.h; path = stb_truetype.h; sourceTree = "<group>"; };
		A8B896B01BCE92AD003492AD /* ofxFontStash.cpp */ = {isa = PBXFileReference; fileEncoding = 4; lastKnownFileType = sourcecode.cpp.cpp; path = ofxFontStash.cpp; sourceTree = "<group>"; };
		A8B896B11BCE92AD003492AD /* ofxFontStash.h */ = {isa = PBXFileReference; fileEncoding = 4; lastKnownFileType = sourcecode.c.h; path = ofxFontStash.h; sourceTree = "<group>"; };
		A8B896C11BCE944F003492AD /* checked.h */ = {isa = PBXFileReference; fileEncoding = 4; lastKnownFileType = sourcecode.c.h; path = checked.h; sourceTree = "<group>"; };
		A8B896C21BCE944F003492AD /* core.h */ = {isa = PBXFileReference; fileEncoding = 4; lastKnownFileType = sourcecode.c.h; path = core.h; sourceTree = "<group>"; };
		A8B896C31BCE944F003492AD /* unchecked.h */ = {isa = PBXFileReference; fileEncoding = 4; lastKnownFileType = sourcecode.c.h; path = unchecked.h; sourceTree = "<group>"; };
		A8B896C41BCE944F003492AD /* utf8.h */ = {isa = PBXFileReference; fileEncoding = 4; lastKnownFileType = sourcecode.c.h; path = utf8.h; sourceTree = "<group>"; };
		A8B896C81BCE944F003492AD /* ReleaseNotes */ = {isa = PBXFileReference; fileEncoding = 4; lastKnownFileType = text; path = ReleaseNotes; sourceTree = "<group>"; };
		A8B896C91BCE944F003492AD /* utf8cpp.html */ = {isa = PBXFileReference; fileEncoding = 4; lastKnownFileType = text.html; path = utf8cpp.html; sourceTree = "<group>"; };
		A8B896CC1BCE944F003492AD /* checked.h */ = {isa = PBXFileReference; fileEncoding = 4; lastKnownFileType = sourcecode.c.h; path = checked.h; sourceTree = "<group>"; };
		A8B896CD1BCE944F003492AD /* core.h */ = {isa = PBXFileReference; fileEncoding = 4; lastKnownFileType = sourcecode.c.h; path = core.h; sourceTree = "<group>"; };
		A8B896CE1BCE944F003492AD /* unchecked.h */ = {isa = PBXFileReference; fileEncoding = 4; lastKnownFileType = sourcecode.c.h; path = unchecked.h; sourceTree = "<group>"; };
		A8B896CF1BCE944F003492AD /* utf8.h */ = {isa = PBXFileReference; fileEncoding = 4; lastKnownFileType = sourcecode.c.h; path = utf8.h; sourceTree = "<group>"; };
		A8B896D11BCE944F003492AD /* ofTextConverter.cpp */ = {isa = PBXFileReference; fileEncoding = 4; lastKnownFileType = sourcecode.cpp.cpp; path = ofTextConverter.cpp; sourceTree = "<group>"; };
		A8B896D21BCE944F003492AD /* ofTextConverter.h */ = {isa = PBXFileReference; fileEncoding = 4; lastKnownFileType = sourcecode.c.h; path = ofTextConverter.h; sourceTree = "<group>"; };
		A8B896D31BCE944F003492AD /* ofUnicode.cpp */ = {isa = PBXFileReference; fileEncoding = 4; lastKnownFileType = sourcecode.cpp.cpp; path = ofUnicode.cpp; sourceTree = "<group>"; };
		A8B896D41BCE944F003492AD /* ofUnicode.h */ = {isa = PBXFileReference; fileEncoding = 4; lastKnownFileType = sourcecode.c.h; path = ofUnicode.h; sourceTree = "<group>"; };
		A8B896D51BCE944F003492AD /* ofUTF8.cpp */ = {isa = PBXFileReference; fileEncoding = 4; lastKnownFileType = sourcecode.cpp.cpp; path = ofUTF8.cpp; sourceTree = "<group>"; };
		A8B896D61BCE944F003492AD /* ofUTF8.h */ = {isa = PBXFileReference; fileEncoding = 4; lastKnownFileType = sourcecode.c.h; path = ofUTF8.h; sourceTree = "<group>"; };
		A8CDE45F1BC3CE3200338B91 /* ofxPostGlitch.cpp */ = {isa = PBXFileReference; explicitFileType = sourcecode.cpp.cpp; fileEncoding = 4; name = ofxPostGlitch.cpp; path = ../src/ofxPostGlitch.cpp; sourceTree = "<group>"; };
		A8CDE4601BC3CE3200338B91 /* ofxPostGlitch.h */ = {isa = PBXFileReference; explicitFileType = sourcecode.c.h; fileEncoding = 4; name = ofxPostGlitch.h; path = ../src/ofxPostGlitch.h; sourceTree = "<group>"; };
		E4328143138ABC890047C5CB /* openFrameworksLib.xcodeproj */ = {isa = PBXFileReference; lastKnownFileType = "wrapper.pb-project"; name = openFrameworksLib.xcodeproj; path = ../../../../openFrameworks/libs/openFrameworksCompiled/project/osx/openFrameworksLib.xcodeproj; sourceTree = SOURCE_ROOT; };
		E4B69B5B0A3A1756003C02F2 /* LiveCamGlitchDebug.app */ = {isa = PBXFileReference; explicitFileType = wrapper.application; includeInIndex = 0; path = LiveCamGlitchDebug.app; sourceTree = BUILT_PRODUCTS_DIR; };
		E4B69E1D0A3A1BDC003C02F2 /* main.cpp */ = {isa = PBXFileReference; fileEncoding = 30; lastKnownFileType = sourcecode.cpp.cpp; name = main.cpp; path = src/main.cpp; sourceTree = SOURCE_ROOT; };
		E4B69E1E0A3A1BDC003C02F2 /* ofApp.cpp */ = {isa = PBXFileReference; explicitFileType = sourcecode.cpp.cpp; fileEncoding = 30; name = ofApp.cpp; path = src/ofApp.cpp; sourceTree = SOURCE_ROOT; };
		E4B69E1F0A3A1BDC003C02F2 /* ofApp.h */ = {isa = PBXFileReference; fileEncoding = 30; lastKnownFileType = sourcecode.c.h; name = ofApp.h; path = src/ofApp.h; sourceTree = SOURCE_ROOT; };
		E4B6FCAD0C3E899E008CF71C /* openFrameworks-Info.plist */ = {isa = PBXFileReference; fileEncoding = 30; lastKnownFileType = text.plist.xml; path = "openFrameworks-Info.plist"; sourceTree = "<group>"; };
		E4EB691F138AFCF100A09F29 /* CoreOF.xcconfig */ = {isa = PBXFileReference; fileEncoding = 4; lastKnownFileType = text.xcconfig; name = CoreOF.xcconfig; path = ../../../../openFrameworks/libs/openFrameworksCompiled/project/osx/CoreOF.xcconfig; sourceTree = SOURCE_ROOT; };
		E4EB6923138AFD0F00A09F29 /* Project.xcconfig */ = {isa = PBXFileReference; fileEncoding = 4; lastKnownFileType = text.xcconfig; path = Project.xcconfig; sourceTree = "<group>"; };
/* End PBXFileReference section */

/* Begin PBXFrameworksBuildPhase section */
		E4B69B590A3A1756003C02F2 /* Frameworks */ = {
			isa = PBXFrameworksBuildPhase;
			buildActionMask = 2147483647;
			files = (
				E4328149138ABC9F0047C5CB /* openFrameworksDebug.a in Frameworks */,
			);
			runOnlyForDeploymentPostprocessing = 0;
		};
/* End PBXFrameworksBuildPhase section */

/* Begin PBXGroup section */
		6948EE371B920CB800B5AC1A /* local_addons */ = {
			isa = PBXGroup;
			children = (
			);
			name = local_addons;
			sourceTree = "<group>";
		};
		A8090B7E1BC69F5D002001D9 /* src */ = {
			isa = PBXGroup;
			children = (
				A8090B7C1BC69F5D002001D9 /* ofxCsv.cpp */,
				A8090B7D1BC69F5D002001D9 /* ofxCsv.h */,
			);
			name = src;
			sourceTree = "<group>";
		};
		A8090B7F1BC69F5D002001D9 /* ofxCsv */ = {
			isa = PBXGroup;
			children = (
				A8090B7E1BC69F5D002001D9 /* src */,
			);
			name = ofxCsv;
			path = ../bpii_Calibration;
			sourceTree = "<group>";
		};
		A8090B911BC69F5D002001D9 /* src */ = {
			isa = PBXGroup;
			children = (
				A8090B801BC69F5D002001D9 /* ofxBaseGui.cpp */,
				A8090B811BC69F5D002001D9 /* ofxBaseGui.h */,
				A8090B821BC69F5D002001D9 /* ofxButton.cpp */,
				A8090B831BC69F5D002001D9 /* ofxButton.h */,
				A8090B841BC69F5D002001D9 /* ofxGui.h */,
				A8090B851BC69F5D002001D9 /* ofxGuiGroup.cpp */,
				A8090B861BC69F5D002001D9 /* ofxGuiGroup.h */,
				A8090B871BC69F5D002001D9 /* ofxLabel.cpp */,
				A8090B881BC69F5D002001D9 /* ofxLabel.h */,
				A8090B891BC69F5D002001D9 /* ofxPanel.cpp */,
				A8090B8A1BC69F5D002001D9 /* ofxPanel.h */,
				A8090B8B1BC69F5D002001D9 /* ofxSlider.cpp */,
				A8090B8C1BC69F5D002001D9 /* ofxSlider.h */,
				A8090B8D1BC69F5D002001D9 /* ofxSliderGroup.cpp */,
				A8090B8E1BC69F5D002001D9 /* ofxSliderGroup.h */,
				A8090B8F1BC69F5D002001D9 /* ofxToggle.cpp */,
				A8090B901BC69F5D002001D9 /* ofxToggle.h */,
			);
			name = src;
			sourceTree = "<group>";
		};
		A8090B921BC69F5D002001D9 /* ofxGui */ = {
			isa = PBXGroup;
			children = (
				A8090B911BC69F5D002001D9 /* src */,
			);
			name = ofxGui;
			path = ../bpii_Calibration;
			sourceTree = "<group>";
		};
		A8B896951BCE92AD003492AD /* ofxFontStash */ = {
			isa = PBXGroup;
			children = (
				A8B896A61BCE92AD003492AD /* libs */,
				A8B896AF1BCE92AD003492AD /* src */,
			);
			name = ofxFontStash;
			path = ../../../../openFrameworks/addons/ofxFontStash;
			sourceTree = "<group>";
		};
		A8B896A61BCE92AD003492AD /* libs */ = {
			isa = PBXGroup;
			children = (
				A8B896A71BCE92AD003492AD /* fontstash */,
			);
			path = libs;
			sourceTree = "<group>";
		};
		A8B896A71BCE92AD003492AD /* fontstash */ = {
			isa = PBXGroup;
			children = (
				A8B896A81BCE92AD003492AD /* src */,
			);
			path = fontstash;
			sourceTree = "<group>";
		};
		A8B896A81BCE92AD003492AD /* src */ = {
			isa = PBXGroup;
			children = (
				A8B896A91BCE92AD003492AD /* fontstash.c */,
				A8B896AA1BCE92AD003492AD /* fontstash.h */,
				A8B896AB1BCE92AD003492AD /* stb_truetype.c */,
				A8B896AC1BCE92AD003492AD /* stb_truetype.h */,
			);
			path = src;
			sourceTree = "<group>";
		};
		A8B896AF1BCE92AD003492AD /* src */ = {
			isa = PBXGroup;
			children = (
				A8B896B01BCE92AD003492AD /* ofxFontStash.cpp */,
				A8B896B11BCE92AD003492AD /* ofxFontStash.h */,
			);
			path = src;
			sourceTree = "<group>";
		};
		A8B896BB1BCE944F003492AD /* ofxUnicode */ = {
			isa = PBXGroup;
			children = (
				A8B896BD1BCE944F003492AD /* libs */,
				A8B896D01BCE944F003492AD /* src */,
			);
			name = ofxUnicode;
			path = ../../../../openFrameworks/addons/ofxUnicode;
			sourceTree = "<group>";
		};
		A8B896BD1BCE944F003492AD /* libs */ = {
			isa = PBXGroup;
			children = (
				A8B896BE1BCE944F003492AD /* utf8cpp */,
			);
			path = libs;
			sourceTree = "<group>";
		};
		A8B896BE1BCE944F003492AD /* utf8cpp */ = {
			isa = PBXGroup;
			children = (
				A8B896BF1BCE944F003492AD /* include */,
				A8B896C51BCE944F003492AD /* src */,
			);
			path = utf8cpp;
			sourceTree = "<group>";
		};
		A8B896BF1BCE944F003492AD /* include */ = {
			isa = PBXGroup;
			children = (
				A8B896C01BCE944F003492AD /* utf8 */,
				A8B896C41BCE944F003492AD /* utf8.h */,
			);
			path = include;
			sourceTree = "<group>";
		};
		A8B896C01BCE944F003492AD /* utf8 */ = {
			isa = PBXGroup;
			children = (
				A8B896C11BCE944F003492AD /* checked.h */,
				A8B896C21BCE944F003492AD /* core.h */,
				A8B896C31BCE944F003492AD /* unchecked.h */,
			);
			path = utf8;
			sourceTree = "<group>";
		};
		A8B896C51BCE944F003492AD /* src */ = {
			isa = PBXGroup;
			children = (
				A8B896C61BCE944F003492AD /* utf8_v2_3_1 */,
			);
			path = src;
			sourceTree = "<group>";
		};
		A8B896C61BCE944F003492AD /* utf8_v2_3_1 */ = {
			isa = PBXGroup;
			children = (
				A8B896C71BCE944F003492AD /* doc */,
				A8B896CA1BCE944F003492AD /* source */,
			);
			path = utf8_v2_3_1;
			sourceTree = "<group>";
		};
		A8B896C71BCE944F003492AD /* doc */ = {
			isa = PBXGroup;
			children = (
				A8B896C81BCE944F003492AD /* ReleaseNotes */,
				A8B896C91BCE944F003492AD /* utf8cpp.html */,
			);
			path = doc;
			sourceTree = "<group>";
		};
		A8B896CA1BCE944F003492AD /* source */ = {
			isa = PBXGroup;
			children = (
				A8B896CB1BCE944F003492AD /* utf8 */,
				A8B896CF1BCE944F003492AD /* utf8.h */,
			);
			path = source;
			sourceTree = "<group>";
		};
		A8B896CB1BCE944F003492AD /* utf8 */ = {
			isa = PBXGroup;
			children = (
				A8B896CC1BCE944F003492AD /* checked.h */,
				A8B896CD1BCE944F003492AD /* core.h */,
				A8B896CE1BCE944F003492AD /* unchecked.h */,
			);
			path = utf8;
			sourceTree = "<group>";
		};
		A8B896D01BCE944F003492AD /* src */ = {
			isa = PBXGroup;
			children = (
				A8B896D11BCE944F003492AD /* ofTextConverter.cpp */,
				A8B896D21BCE944F003492AD /* ofTextConverter.h */,
				A8B896D31BCE944F003492AD /* ofUnicode.cpp */,
				A8B896D41BCE944F003492AD /* ofUnicode.h */,
				A8B896D51BCE944F003492AD /* ofUTF8.cpp */,
				A8B896D61BCE944F003492AD /* ofUTF8.h */,
			);
			path = src;
			sourceTree = "<group>";
		};
		A8CDE4611BC3CE3200338B91 /* src */ = {
			isa = PBXGroup;
			children = (
				A8CDE45F1BC3CE3200338B91 /* ofxPostGlitch.cpp */,
				A8CDE4601BC3CE3200338B91 /* ofxPostGlitch.h */,
			);
			name = src;
			sourceTree = "<group>";
		};
		A8CDE4621BC3CE3200338B91 /* ofxPostGlitch */ = {
			isa = PBXGroup;
			children = (
				A8CDE4611BC3CE3200338B91 /* src */,
			);
			name = ofxPostGlitch;
			path = ../../../../openFrameworks/addons/ofxPostGlitch/ofxPostGlitch_Example;
			sourceTree = "<group>";
		};
		BB4B014C10F69532006C3DED /* addons */ = {
			isa = PBXGroup;
			children = (
				A8B896BB1BCE944F003492AD /* ofxUnicode */,
				A8B896951BCE92AD003492AD /* ofxFontStash */,
				A8090B7F1BC69F5D002001D9 /* ofxCsv */,
				A8090B921BC69F5D002001D9 /* ofxGui */,
				A8CDE4621BC3CE3200338B91 /* ofxPostGlitch */,
			);
			name = addons;
			sourceTree = "<group>";
		};
		E4328144138ABC890047C5CB /* Products */ = {
			isa = PBXGroup;
			children = (
				E4328148138ABC890047C5CB /* openFrameworksDebug.a */,
			);
			name = Products;
			sourceTree = "<group>";
		};
		E4B69B4A0A3A1720003C02F2 = {
			isa = PBXGroup;
			children = (
				E4B6FCAD0C3E899E008CF71C /* openFrameworks-Info.plist */,
				E4EB6923138AFD0F00A09F29 /* Project.xcconfig */,
				E4B69E1C0A3A1BDC003C02F2 /* src */,
				E4EEC9E9138DF44700A80321 /* openFrameworks */,
				BB4B014C10F69532006C3DED /* addons */,
				6948EE371B920CB800B5AC1A /* local_addons */,
				E4B69B5B0A3A1756003C02F2 /* LiveCamGlitchDebug.app */,
			);
			sourceTree = "<group>";
		};
		E4B69E1C0A3A1BDC003C02F2 /* src */ = {
			isa = PBXGroup;
			children = (
				E4B69E1D0A3A1BDC003C02F2 /* main.cpp */,
				E4B69E1E0A3A1BDC003C02F2 /* ofApp.cpp */,
				E4B69E1F0A3A1BDC003C02F2 /* ofApp.h */,
				A8090B9C1BC69F62002001D9 /* BaseArch.cpp */,
				A8090B9D1BC69F62002001D9 /* BaseArch.h */,
				A8090B9E1BC69F62002001D9 /* GuiApp.cpp */,
				A8090B9F1BC69F62002001D9 /* GuiApp.h */,
			);
			path = src;
			sourceTree = SOURCE_ROOT;
		};
		E4EEC9E9138DF44700A80321 /* openFrameworks */ = {
			isa = PBXGroup;
			children = (
				E4EB691F138AFCF100A09F29 /* CoreOF.xcconfig */,
				E4328143138ABC890047C5CB /* openFrameworksLib.xcodeproj */,
			);
			name = openFrameworks;
			sourceTree = "<group>";
		};
/* End PBXGroup section */

/* Begin PBXNativeTarget section */
		E4B69B5A0A3A1756003C02F2 /* LiveCamGlitch */ = {
			isa = PBXNativeTarget;
			buildConfigurationList = E4B69B5F0A3A1757003C02F2 /* Build configuration list for PBXNativeTarget "LiveCamGlitch" */;
			buildPhases = (
				E4B69B580A3A1756003C02F2 /* Sources */,
				E4B69B590A3A1756003C02F2 /* Frameworks */,
				E4B6FFFD0C3F9AB9008CF71C /* ShellScript */,
				E4C2427710CC5ABF004149E2 /* CopyFiles */,
			);
			buildRules = (
			);
			dependencies = (
				E4EEB9AC138B136A00A80321 /* PBXTargetDependency */,
			);
			name = LiveCamGlitch;
			productName = myOFApp;
			productReference = E4B69B5B0A3A1756003C02F2 /* LiveCamGlitchDebug.app */;
			productType = "com.apple.product-type.application";
		};
/* End PBXNativeTarget section */

/* Begin PBXProject section */
		E4B69B4C0A3A1720003C02F2 /* Project object */ = {
			isa = PBXProject;
			attributes = {
				LastUpgradeCheck = 0600;
			};
			buildConfigurationList = E4B69B4D0A3A1720003C02F2 /* Build configuration list for PBXProject "LiveCamGlitch" */;
			compatibilityVersion = "Xcode 3.2";
			developmentRegion = English;
			hasScannedForEncodings = 0;
			knownRegions = (
				English,
				Japanese,
				French,
				German,
			);
			mainGroup = E4B69B4A0A3A1720003C02F2;
			productRefGroup = E4B69B4A0A3A1720003C02F2;
			projectDirPath = "";
			projectReferences = (
				{
					ProductGroup = E4328144138ABC890047C5CB /* Products */;
					ProjectRef = E4328143138ABC890047C5CB /* openFrameworksLib.xcodeproj */;
				},
			);
			projectRoot = "";
			targets = (
				E4B69B5A0A3A1756003C02F2 /* LiveCamGlitch */,
			);
		};
/* End PBXProject section */

/* Begin PBXReferenceProxy section */
		E4328148138ABC890047C5CB /* openFrameworksDebug.a */ = {
			isa = PBXReferenceProxy;
			fileType = archive.ar;
			path = openFrameworksDebug.a;
			remoteRef = E4328147138ABC890047C5CB /* PBXContainerItemProxy */;
			sourceTree = BUILT_PRODUCTS_DIR;
		};
/* End PBXReferenceProxy section */

/* Begin PBXShellScriptBuildPhase section */
		E4B6FFFD0C3F9AB9008CF71C /* ShellScript */ = {
			isa = PBXShellScriptBuildPhase;
			buildActionMask = 2147483647;
			files = (
			);
			inputPaths = (
			);
			outputPaths = (
			);
			runOnlyForDeploymentPostprocessing = 0;
			shellPath = /bin/sh;
			shellScript = "rsync -aved ../../../../openFrameworks/libs/fmodex/lib/osx/libfmodex.dylib \"$TARGET_BUILD_DIR/$PRODUCT_NAME.app/Contents/MacOS/\"; install_name_tool -change ./libfmodex.dylib @executable_path/libfmodex.dylib \"$TARGET_BUILD_DIR/$PRODUCT_NAME.app/Contents/MacOS/$PRODUCT_NAME\";\nmkdir -p \"$TARGET_BUILD_DIR/$PRODUCT_NAME.app/Contents/Resources/\"\nrsync -aved \"$ICON_FILE\" \"$TARGET_BUILD_DIR/$PRODUCT_NAME.app/Contents/Resources/\"\nrsync -aved ../../../../openFrameworks/libs/glut/lib/osx/GLUT.framework \"$TARGET_BUILD_DIR/$PRODUCT_NAME.app/Contents/Frameworks/\"\n";
		};
/* End PBXShellScriptBuildPhase section */

/* Begin PBXSourcesBuildPhase section */
		E4B69B580A3A1756003C02F2 /* Sources */ = {
			isa = PBXSourcesBuildPhase;
			buildActionMask = 2147483647;
			files = (
				A8090B931BC69F5D002001D9 /* ofxCsv.cpp in Sources */,
				A8090B951BC69F5D002001D9 /* ofxButton.cpp in Sources */,
				A8090B991BC69F5D002001D9 /* ofxSlider.cpp in Sources */,
				A8090B971BC69F5D002001D9 /* ofxLabel.cpp in Sources */,
				A8B896D81BCE944F003492AD /* ofUnicode.cpp in Sources */,
				A8B896D71BCE944F003492AD /* ofTextConverter.cpp in Sources */,
				A8CDE4631BC3CE3200338B91 /* ofxPostGlitch.cpp in Sources */,
				A8090B9B1BC69F5D002001D9 /* ofxToggle.cpp in Sources */,
				A8090B9A1BC69F5D002001D9 /* ofxSliderGroup.cpp in Sources */,
				A8B896B71BCE92AD003492AD /* ofxFontStash.cpp in Sources */,
				A8090B961BC69F5D002001D9 /* ofxGuiGroup.cpp in Sources */,
				A8090B941BC69F5D002001D9 /* ofxBaseGui.cpp in Sources */,
				E4B69E200A3A1BDC003C02F2 /* main.cpp in Sources */,
				A8090BA01BC69F62002001D9 /* BaseArch.cpp in Sources */,
				A8090BA11BC69F62002001D9 /* GuiApp.cpp in Sources */,
				A8B896D91BCE944F003492AD /* ofUTF8.cpp in Sources */,
				A8B896B41BCE92AD003492AD /* fontstash.c in Sources */,
				E4B69E210A3A1BDC003C02F2 /* ofApp.cpp in Sources */,
				A8090B981BC69F5D002001D9 /* ofxPanel.cpp in Sources */,
				A8B896B51BCE92AD003492AD /* stb_truetype.c in Sources */,
			);
			runOnlyForDeploymentPostprocessing = 0;
		};
/* End PBXSourcesBuildPhase section */

/* Begin PBXTargetDependency section */
		E4EEB9AC138B136A00A80321 /* PBXTargetDependency */ = {
			isa = PBXTargetDependency;
			name = openFrameworks;
			targetProxy = E4EEB9AB138B136A00A80321 /* PBXContainerItemProxy */;
		};
/* End PBXTargetDependency section */

/* Begin XCBuildConfiguration section */
		E4B69B4E0A3A1720003C02F2 /* Debug */ = {
			isa = XCBuildConfiguration;
			baseConfigurationReference = E4EB6923138AFD0F00A09F29 /* Project.xcconfig */;
			buildSettings = {
				CONFIGURATION_BUILD_DIR = "$(SRCROOT)/bin/";
				COPY_PHASE_STRIP = NO;
				DEAD_CODE_STRIPPING = YES;
				GCC_AUTO_VECTORIZATION = YES;
				GCC_ENABLE_SSE3_EXTENSIONS = YES;
				GCC_ENABLE_SUPPLEMENTAL_SSE3_INSTRUCTIONS = YES;
				GCC_INLINES_ARE_PRIVATE_EXTERN = NO;
				GCC_OPTIMIZATION_LEVEL = 0;
				GCC_SYMBOLS_PRIVATE_EXTERN = NO;
				GCC_WARN_ABOUT_DEPRECATED_FUNCTIONS = YES;
				GCC_WARN_ABOUT_INVALID_OFFSETOF_MACRO = NO;
				GCC_WARN_ALLOW_INCOMPLETE_PROTOCOL = NO;
				GCC_WARN_UNINITIALIZED_AUTOS = NO;
				GCC_WARN_UNUSED_VALUE = NO;
				GCC_WARN_UNUSED_VARIABLE = NO;
				HEADER_SEARCH_PATHS = (
					"$(OF_CORE_HEADERS)",
					../../../../openFrameworks/addons/ofxPostGlitch/src,
				);
				MACOSX_DEPLOYMENT_TARGET = 10.8;
				ONLY_ACTIVE_ARCH = YES;
				OTHER_CPLUSPLUSFLAGS = (
					"-D__MACOSX_CORE__",
					"-mtune=native",
				);
				SDKROOT = macosx;
			};
			name = Debug;
		};
		E4B69B4F0A3A1720003C02F2 /* Release */ = {
			isa = XCBuildConfiguration;
			baseConfigurationReference = E4EB6923138AFD0F00A09F29 /* Project.xcconfig */;
			buildSettings = {
				CONFIGURATION_BUILD_DIR = "$(SRCROOT)/bin/";
				COPY_PHASE_STRIP = YES;
				DEAD_CODE_STRIPPING = YES;
				GCC_AUTO_VECTORIZATION = YES;
				GCC_ENABLE_SSE3_EXTENSIONS = YES;
				GCC_ENABLE_SUPPLEMENTAL_SSE3_INSTRUCTIONS = YES;
				GCC_INLINES_ARE_PRIVATE_EXTERN = NO;
				GCC_OPTIMIZATION_LEVEL = 3;
				GCC_SYMBOLS_PRIVATE_EXTERN = NO;
				GCC_UNROLL_LOOPS = YES;
				GCC_WARN_ABOUT_DEPRECATED_FUNCTIONS = YES;
				GCC_WARN_ABOUT_INVALID_OFFSETOF_MACRO = NO;
				GCC_WARN_ALLOW_INCOMPLETE_PROTOCOL = NO;
				GCC_WARN_UNINITIALIZED_AUTOS = NO;
				GCC_WARN_UNUSED_VALUE = NO;
				GCC_WARN_UNUSED_VARIABLE = NO;
				HEADER_SEARCH_PATHS = (
					"$(OF_CORE_HEADERS)",
					../../../../openFrameworks/addons/ofxPostGlitch/src,
				);
				MACOSX_DEPLOYMENT_TARGET = 10.8;
				OTHER_CPLUSPLUSFLAGS = (
					"-D__MACOSX_CORE__",
					"-mtune=native",
				);
				SDKROOT = macosx;
			};
			name = Release;
		};
		E4B69B600A3A1757003C02F2 /* Debug */ = {
			isa = XCBuildConfiguration;
			baseConfigurationReference = E4EB6923138AFD0F00A09F29 /* Project.xcconfig */;
			buildSettings = {
				COMBINE_HIDPI_IMAGES = YES;
				COPY_PHASE_STRIP = NO;
				FRAMEWORK_SEARCH_PATHS = (
					"$(inherited)",
					"$(FRAMEWORK_SEARCH_PATHS_QUOTED_FOR_TARGET_1)",
				);
				FRAMEWORK_SEARCH_PATHS_QUOTED_FOR_TARGET_1 = "\"$(SRCROOT)/../../../../openFrameworks/libs/glut/lib/osx\"";
				GCC_DYNAMIC_NO_PIC = NO;
				GCC_GENERATE_DEBUGGING_SYMBOLS = YES;
				GCC_MODEL_TUNING = NONE;
				HEADER_SEARCH_PATHS = (
					"$(OF_CORE_HEADERS)",
					../../../../openFrameworks/addons/ofxPostGlitch/src,
				);
				ICON = "$(ICON_NAME_DEBUG)";
				ICON_FILE = "$(ICON_FILE_PATH)$(ICON)";
				INFOPLIST_FILE = "openFrameworks-Info.plist";
				INSTALL_PATH = "$(HOME)/Applications";
				LIBRARY_SEARCH_PATHS = "$(inherited)";
				PRODUCT_NAME = "$(TARGET_NAME)Debug";
				WRAPPER_EXTENSION = app;
			};
			name = Debug;
		};
		E4B69B610A3A1757003C02F2 /* Release */ = {
			isa = XCBuildConfiguration;
			baseConfigurationReference = E4EB6923138AFD0F00A09F29 /* Project.xcconfig */;
			buildSettings = {
				COMBINE_HIDPI_IMAGES = YES;
				COPY_PHASE_STRIP = YES;
				FRAMEWORK_SEARCH_PATHS = (
					"$(inherited)",
					"$(FRAMEWORK_SEARCH_PATHS_QUOTED_FOR_TARGET_1)",
				);
				FRAMEWORK_SEARCH_PATHS_QUOTED_FOR_TARGET_1 = "\"$(SRCROOT)/../../../../openFrameworks/libs/glut/lib/osx\"";
				GCC_GENERATE_DEBUGGING_SYMBOLS = YES;
				GCC_MODEL_TUNING = NONE;
				HEADER_SEARCH_PATHS = (
					"$(OF_CORE_HEADERS)",
					../../../../openFrameworks/addons/ofxPostGlitch/src,
				);
				ICON = "$(ICON_NAME_RELEASE)";
				ICON_FILE = "$(ICON_FILE_PATH)$(ICON)";
				INFOPLIST_FILE = "openFrameworks-Info.plist";
				INSTALL_PATH = "$(HOME)/Applications";
				LIBRARY_SEARCH_PATHS = "$(inherited)";
				PRODUCT_NAME = "$(TARGET_NAME)";
				WRAPPER_EXTENSION = app;
				baseConfigurationReference = E4EB6923138AFD0F00A09F29;
			};
			name = Release;
		};
/* End XCBuildConfiguration section */

/* Begin XCConfigurationList section */
		E4B69B4D0A3A1720003C02F2 /* Build configuration list for PBXProject "LiveCamGlitch" */ = {
			isa = XCConfigurationList;
			buildConfigurations = (
				E4B69B4E0A3A1720003C02F2 /* Debug */,
				E4B69B4F0A3A1720003C02F2 /* Release */,
			);
			defaultConfigurationIsVisible = 0;
			defaultConfigurationName = Release;
		};
		E4B69B5F0A3A1757003C02F2 /* Build configuration list for PBXNativeTarget "LiveCamGlitch" */ = {
			isa = XCConfigurationList;
			buildConfigurations = (
				E4B69B600A3A1757003C02F2 /* Debug */,
				E4B69B610A3A1757003C02F2 /* Release */,
			);
			defaultConfigurationIsVisible = 0;
			defaultConfigurationName = Release;
		};
/* End XCConfigurationList section */
	};
	rootObject = E4B69B4C0A3A1720003C02F2 /* Project object */;
}
